
Microsoft Visual Studio Solution File, Format Version 12.00
# Visual Studio Version 17
VisualStudioVersion = 17.9.34902.65
MinimumVisualStudioVersion = 10.0.40219.1
Project("{FAE04EC0-301F-11D3-BF4B-00C04F79EFBC}") = "RecipeManagementSystem", "RecipeManagementSystem.csproj", "{9CFDA726-83E1-4637-8BCE-4B8E73F9DC5E}"
EndProject
Global
	GlobalSection(SolutionConfigurationPlatforms) = preSolution
		Debug|Any CPU = Debug|Any CPU
		Release|Any CPU = Release|Any CPU
	EndGlobalSection
	GlobalSection(ProjectConfigurationPlatforms) = postSolution
		{9CFDA726-83E1-4637-8BCE-4B8E73F9DC5E}.Debug|Any CPU.ActiveCfg = Debug|Any CPU
		{9CFDA726-83E1-4637-8BCE-4B8E73F9DC5E}.Debug|Any CPU.Build.0 = Debug|Any CPU
		{9CFDA726-83E1-4637-8BCE-4B8E73F9DC5E}.Release|Any CPU.ActiveCfg = Release|Any CPU
		{9CFDA726-83E1-4637-8BCE-4B8E73F9DC5E}.Release|Any CPU.Build.0 = Release|Any CPU
	EndGlobalSection
	GlobalSection(SolutionProperties) = preSolution
		HideSolutionNode = FALSE
	EndGlobalSection
	GlobalSection(ExtensibilityGlobals) = postSolution
		SolutionGuid = {EFCCE38F-941B-49BA-A1F7-56115B8C9C5F}
	EndGlobalSection
EndGlobal
